
Microsoft Visual Studio Solution File, Format Version 12.00
# Visual Studio Version 16
VisualStudioVersion = 16.0.31729.503
MinimumVisualStudioVersion = 10.0.40219.1
Project("{FAE04EC0-301F-11D3-BF4B-00C04F79EFBC}") = "Expression Downloader", "Downloader\Expression Downloader.csproj", "{A018E472-62F7-4BC3-A192-18C4672CDA18}"
EndProject
Project("{FAE04EC0-301F-11D3-BF4B-00C04F79EFBC}") = "test", "test\test.csproj", "{7BF5B462-6F5D-4D51-9CA1-6EB8CF645D84}"
EndProject
Project("{FAE04EC0-301F-11D3-BF4B-00C04F79EFBC}") = "XMLSerializationLibrary", "XMLSerializationLibrary\XMLSerializationLibrary.csproj", "{78CA57B2-B6FE-4238-9B1F-2A598C0186D0}"
EndProject
Global
	GlobalSection(SolutionConfigurationPlatforms) = preSolution
		Debug|Any CPU = Debug|Any CPU
		Release|Any CPU = Release|Any CPU
	EndGlobalSection
	GlobalSection(ProjectConfigurationPlatforms) = postSolution
		{A018E472-62F7-4BC3-A192-18C4672CDA18}.Debug|Any CPU.ActiveCfg = Debug|Any CPU
		{A018E472-62F7-4BC3-A192-18C4672CDA18}.Debug|Any CPU.Build.0 = Debug|Any CPU
		{A018E472-62F7-4BC3-A192-18C4672CDA18}.Release|Any CPU.ActiveCfg = Release|Any CPU
		{A018E472-62F7-4BC3-A192-18C4672CDA18}.Release|Any CPU.Build.0 = Release|Any CPU
		{7BF5B462-6F5D-4D51-9CA1-6EB8CF645D84}.Debug|Any CPU.ActiveCfg = Debug|Any CPU
		{7BF5B462-6F5D-4D51-9CA1-6EB8CF645D84}.Debug|Any CPU.Build.0 = Debug|Any CPU
		{7BF5B462-6F5D-4D51-9CA1-6EB8CF645D84}.Release|Any CPU.ActiveCfg = Release|Any CPU
		{7BF5B462-6F5D-4D51-9CA1-6EB8CF645D84}.Release|Any CPU.Build.0 = Release|Any CPU
		{78CA57B2-B6FE-4238-9B1F-2A598C0186D0}.Debug|Any CPU.ActiveCfg = Debug|Any CPU
		{78CA57B2-B6FE-4238-9B1F-2A598C0186D0}.Debug|Any CPU.Build.0 = Debug|Any CPU
		{78CA57B2-B6FE-4238-9B1F-2A598C0186D0}.Release|Any CPU.ActiveCfg = Release|Any CPU
		{78CA57B2-B6FE-4238-9B1F-2A598C0186D0}.Release|Any CPU.Build.0 = Release|Any CPU
	EndGlobalSection
	GlobalSection(SolutionProperties) = preSolution
		HideSolutionNode = FALSE
	EndGlobalSection
	GlobalSection(ExtensibilityGlobals) = postSolution
		SolutionGuid = {DD67840C-A2B1-4490-A0E1-AB4E2B979EC9}
	EndGlobalSection
EndGlobal
